// !$*UTF8*$!
{
	archiveVersion = 1;
	classes = {
	};
	objectVersion = 46;
	objects = {

/* Begin PBXBuildFile section */
		239FD5121E71E52900D82EAC /* AppDelegate.swift in Sources */ = {isa = PBXBuildFile; fileRef = 239FD5061E71E52900D82EAC /* AppDelegate.swift */; };
		239FD5131E71E52A00D82EAC /* Assets.xcassets in Resources */ = {isa = PBXBuildFile; fileRef = 239FD5071E71E52900D82EAC /* Assets.xcassets */; };
		239FD5141E71E52A00D82EAC /* Extensions.swift in Sources */ = {isa = PBXBuildFile; fileRef = 239FD5081E71E52900D82EAC /* Extensions.swift */; };
		239FD5161E71E52A00D82EAC /* PostDetailTableViewController.swift in Sources */ = {isa = PBXBuildFile; fileRef = 239FD50A1E71E52900D82EAC /* PostDetailTableViewController.swift */; };
		239FD5171E71E52A00D82EAC /* PostTableViewCell.swift in Sources */ = {isa = PBXBuildFile; fileRef = 239FD50B1E71E52900D82EAC /* PostTableViewCell.swift */; };
		239FD5181E71E52A00D82EAC /* RedditClient.swift in Sources */ = {isa = PBXBuildFile; fileRef = 239FD50C1E71E52900D82EAC /* RedditClient.swift */; };
		239FD5191E71E52A00D82EAC /* RedditTableViewController.swift in Sources */ = {isa = PBXBuildFile; fileRef = 239FD50D1E71E52900D82EAC /* RedditTableViewController.swift */; };
		239FD51B1E71E52A00D82EAC /* new.json in Resources */ = {isa = PBXBuildFile; fileRef = 239FD5101E71E52900D82EAC /* new.json */; };
		239FD52F1E71E88400D82EAC /* Main.storyboard in Resources */ = {isa = PBXBuildFile; fileRef = 239FD52E1E71E88400D82EAC /* Main.storyboard */; };
		239FD5301E71EAAA00D82EAC /* RedditClientTests.swift in Sources */ = {isa = PBXBuildFile; fileRef = 239FD5111E71E52900D82EAC /* RedditClientTests.swift */; };
/* End PBXBuildFile section */

/* Begin PBXContainerItemProxy section */
		239FD5291E71E64A00D82EAC /* PBXContainerItemProxy */ = {
			isa = PBXContainerItemProxy;
			containerPortal = 23C4D2D91E6BB79A00E472A5 /* Project object */;
			proxyType = 1;
			remoteGlobalIDString = 23C4D2E01E6BB79A00E472A5;
			remoteInfo = Ring_Test;
		};
/* End PBXContainerItemProxy section */

/* Begin PBXFileReference section */
		239FD5061E71E52900D82EAC /* AppDelegate.swift */ = {isa = PBXFileReference; fileEncoding = 4; lastKnownFileType = sourcecode.swift; path = AppDelegate.swift; sourceTree = "<group>"; };
		239FD5071E71E52900D82EAC /* Assets.xcassets */ = {isa = PBXFileReference; lastKnownFileType = folder.assetcatalog; path = Assets.xcassets; sourceTree = "<group>"; };
		239FD5081E71E52900D82EAC /* Extensions.swift */ = {isa = PBXFileReference; fileEncoding = 4; lastKnownFileType = sourcecode.swift; path = Extensions.swift; sourceTree = "<group>"; };
		239FD5091E71E52900D82EAC /* Info.plist */ = {isa = PBXFileReference; fileEncoding = 4; lastKnownFileType = text.plist.xml; path = Info.plist; sourceTree = "<group>"; };
		239FD50A1E71E52900D82EAC /* PostDetailTableViewController.swift */ = {isa = PBXFileReference; fileEncoding = 4; lastKnownFileType = sourcecode.swift; path = PostDetailTableViewController.swift; sourceTree = "<group>"; };
		239FD50B1E71E52900D82EAC /* PostTableViewCell.swift */ = {isa = PBXFileReference; fileEncoding = 4; lastKnownFileType = sourcecode.swift; path = PostTableViewCell.swift; sourceTree = "<group>"; };
		239FD50C1E71E52900D82EAC /* RedditClient.swift */ = {isa = PBXFileReference; fileEncoding = 4; lastKnownFileType = sourcecode.swift; path = RedditClient.swift; sourceTree = "<group>"; };
		239FD50D1E71E52900D82EAC /* RedditTableViewController.swift */ = {isa = PBXFileReference; fileEncoding = 4; lastKnownFileType = sourcecode.swift; path = RedditTableViewController.swift; sourceTree = "<group>"; };
		239FD5101E71E52900D82EAC /* new.json */ = {isa = PBXFileReference; fileEncoding = 4; lastKnownFileType = text.json; path = new.json; sourceTree = "<group>"; };
		239FD5111E71E52900D82EAC /* RedditClientTests.swift */ = {isa = PBXFileReference; fileEncoding = 4; lastKnownFileType = sourcecode.swift; path = RedditClientTests.swift; sourceTree = "<group>"; };
		239FD5241E71E64A00D82EAC /* Ring_TestTests.xctest */ = {isa = PBXFileReference; explicitFileType = wrapper.cfbundle; includeInIndex = 0; path = Ring_TestTests.xctest; sourceTree = BUILT_PRODUCTS_DIR; };
		239FD5281E71E64A00D82EAC /* Info.plist */ = {isa = PBXFileReference; lastKnownFileType = text.plist.xml; path = Info.plist; sourceTree = "<group>"; };
		239FD52E1E71E88400D82EAC /* Main.storyboard */ = {isa = PBXFileReference; fileEncoding = 4; lastKnownFileType = file.storyboard; path = Main.storyboard; sourceTree = "<group>"; };
		23C4D2E11E6BB79A00E472A5 /* Ring_Test.app */ = {isa = PBXFileReference; explicitFileType = wrapper.application; includeInIndex = 0; path = Ring_Test.app; sourceTree = BUILT_PRODUCTS_DIR; };
/* End PBXFileReference section */

/* Begin PBXFrameworksBuildPhase section */
		239FD5211E71E64A00D82EAC /* Frameworks */ = {
			isa = PBXFrameworksBuildPhase;
			buildActionMask = 2147483647;
			files = (
			);
			runOnlyForDeploymentPostprocessing = 0;
		};
		23C4D2DE1E6BB79A00E472A5 /* Frameworks */ = {
			isa = PBXFrameworksBuildPhase;
			buildActionMask = 2147483647;
			files = (
			);
			runOnlyForDeploymentPostprocessing = 0;
		};
/* End PBXFrameworksBuildPhase section */

/* Begin PBXGroup section */
		239FD5051E71E52900D82EAC /* Ring_Test */ = {
			isa = PBXGroup;
			children = (
				239FD5061E71E52900D82EAC /* AppDelegate.swift */,
				239FD5071E71E52900D82EAC /* Assets.xcassets */,
				239FD5081E71E52900D82EAC /* Extensions.swift */,
				239FD52E1E71E88400D82EAC /* Main.storyboard */,
				239FD5091E71E52900D82EAC /* Info.plist */,
				239FD50A1E71E52900D82EAC /* PostDetailTableViewController.swift */,
				239FD50B1E71E52900D82EAC /* PostTableViewCell.swift */,
				239FD50C1E71E52900D82EAC /* RedditClient.swift */,
				239FD50D1E71E52900D82EAC /* RedditTableViewController.swift */,
			);
			path = Ring_Test;
			sourceTree = "<group>";
		};
		239FD5251E71E64A00D82EAC /* Ring_TestTests */ = {
			isa = PBXGroup;
			children = (
				239FD5101E71E52900D82EAC /* new.json */,
				239FD5111E71E52900D82EAC /* RedditClientTests.swift */,
				239FD5281E71E64A00D82EAC /* Info.plist */,
			);
			path = Ring_TestTests;
			sourceTree = "<group>";
		};
		23C4D2D81E6BB79A00E472A5 = {
			isa = PBXGroup;
			children = (
				239FD5051E71E52900D82EAC /* Ring_Test */,
				239FD5251E71E64A00D82EAC /* Ring_TestTests */,
				23C4D2E21E6BB79A00E472A5 /* Products */,
			);
			sourceTree = "<group>";
		};
		23C4D2E21E6BB79A00E472A5 /* Products */ = {
			isa = PBXGroup;
			children = (
				23C4D2E11E6BB79A00E472A5 /* Ring_Test.app */,
				239FD5241E71E64A00D82EAC /* Ring_TestTests.xctest */,
			);
			name = Products;
			sourceTree = "<group>";
		};
/* End PBXGroup section */

/* Begin PBXNativeTarget section */
		239FD5231E71E64A00D82EAC /* Ring_TestTests */ = {
			isa = PBXNativeTarget;
			buildConfigurationList = 239FD52B1E71E64A00D82EAC /* Build configuration list for PBXNativeTarget "Ring_TestTests" */;
			buildPhases = (
				239FD5201E71E64A00D82EAC /* Sources */,
				239FD5211E71E64A00D82EAC /* Frameworks */,
				239FD5221E71E64A00D82EAC /* Resources */,
			);
			buildRules = (
			);
			dependencies = (
				239FD52A1E71E64A00D82EAC /* PBXTargetDependency */,
			);
			name = Ring_TestTests;
			productName = Ring_TestTests;
			productReference = 239FD5241E71E64A00D82EAC /* Ring_TestTests.xctest */;
			productType = "com.apple.product-type.bundle.unit-test";
		};
		23C4D2E01E6BB79A00E472A5 /* Ring_Test */ = {
			isa = PBXNativeTarget;
			buildConfigurationList = 23C4D3001E6BB79A00E472A5 /* Build configuration list for PBXNativeTarget "Ring_Test" */;
			buildPhases = (
				23C4D2DD1E6BB79A00E472A5 /* Sources */,
				23C4D2DE1E6BB79A00E472A5 /* Frameworks */,
				23C4D2DF1E6BB79A00E472A5 /* Resources */,
			);
			buildRules = (
			);
			dependencies = (
			);
			name = Ring_Test;
			productName = Hulu_Test;
			productReference = 23C4D2E11E6BB79A00E472A5 /* Ring_Test.app */;
			productType = "com.apple.product-type.application";
		};
/* End PBXNativeTarget section */

/* Begin PBXProject section */
		23C4D2D91E6BB79A00E472A5 /* Project object */ = {
			isa = PBXProject;
			attributes = {
				LastSwiftUpdateCheck = 0820;
				LastUpgradeCheck = 0820;
				ORGANIZATIONNAME = "Christopher Truman";
				TargetAttributes = {
					239FD5231E71E64A00D82EAC = {
						CreatedOnToolsVersion = 8.2.1;
						ProvisioningStyle = Automatic;
						TestTargetID = 23C4D2E01E6BB79A00E472A5;
					};
					23C4D2E01E6BB79A00E472A5 = {
						CreatedOnToolsVersion = 8.2.1;
						ProvisioningStyle = Automatic;
					};
				};
			};
			buildConfigurationList = 23C4D2DC1E6BB79A00E472A5 /* Build configuration list for PBXProject "Ring_Test" */;
			compatibilityVersion = "Xcode 3.2";
			developmentRegion = English;
			hasScannedForEncodings = 0;
			knownRegions = (
				en,
				Base,
			);
			mainGroup = 23C4D2D81E6BB79A00E472A5;
			productRefGroup = 23C4D2E21E6BB79A00E472A5 /* Products */;
			projectDirPath = "";
			projectRoot = "";
			targets = (
				23C4D2E01E6BB79A00E472A5 /* Ring_Test */,
				239FD5231E71E64A00D82EAC /* Ring_TestTests */,
			);
		};
/* End PBXProject section */

/* Begin PBXResourcesBuildPhase section */
		239FD5221E71E64A00D82EAC /* Resources */ = {
			isa = PBXResourcesBuildPhase;
			buildActionMask = 2147483647;
			files = (
			);
			runOnlyForDeploymentPostprocessing = 0;
		};
		23C4D2DF1E6BB79A00E472A5 /* Resources */ = {
			isa = PBXResourcesBuildPhase;
			buildActionMask = 2147483647;
			files = (
				239FD52F1E71E88400D82EAC /* Main.storyboard in Resources */,
				239FD5131E71E52A00D82EAC /* Assets.xcassets in Resources */,
				239FD51B1E71E52A00D82EAC /* new.json in Resources */,
			);
			runOnlyForDeploymentPostprocessing = 0;
		};
/* End PBXResourcesBuildPhase section */

/* Begin PBXSourcesBuildPhase section */
		239FD5201E71E64A00D82EAC /* Sources */ = {
			isa = PBXSourcesBuildPhase;
			buildActionMask = 2147483647;
			files = (
				239FD5301E71EAAA00D82EAC /* RedditClientTests.swift in Sources */,
			);
			runOnlyForDeploymentPostprocessing = 0;
		};
		23C4D2DD1E6BB79A00E472A5 /* Sources */ = {
			isa = PBXSourcesBuildPhase;
			buildActionMask = 2147483647;
			files = (
				239FD5121E71E52900D82EAC /* AppDelegate.swift in Sources */,
				239FD5141E71E52A00D82EAC /* Extensions.swift in Sources */,
				239FD5181E71E52A00D82EAC /* RedditClient.swift in Sources */,
				239FD5161E71E52A00D82EAC /* PostDetailTableViewController.swift in Sources */,
				239FD5171E71E52A00D82EAC /* PostTableViewCell.swift in Sources */,
				239FD5191E71E52A00D82EAC /* RedditTableViewController.swift in Sources */,
			);
			runOnlyForDeploymentPostprocessing = 0;
		};
/* End PBXSourcesBuildPhase section */

/* Begin PBXTargetDependency section */
		239FD52A1E71E64A00D82EAC /* PBXTargetDependency */ = {
			isa = PBXTargetDependency;
			target = 23C4D2E01E6BB79A00E472A5 /* Ring_Test */;
			targetProxy = 239FD5291E71E64A00D82EAC /* PBXContainerItemProxy */;
		};
/* End PBXTargetDependency section */

/* Begin XCBuildConfiguration section */
		239FD52C1E71E64A00D82EAC /* Debug */ = {
			isa = XCBuildConfiguration;
			buildSettings = {
				BUNDLE_LOADER = "$(TEST_HOST)";
				INFOPLIST_FILE = Ring_TestTests/Info.plist;
				LD_RUNPATH_SEARCH_PATHS = "$(inherited) @executable_path/Frameworks @loader_path/Frameworks";
				PRODUCT_BUNDLE_IDENTIFIER = "truman.Ring-TestTests";
				PRODUCT_NAME = "$(TARGET_NAME)";
				SWIFT_VERSION = 3.0;
				TEST_HOST = "$(BUILT_PRODUCTS_DIR)/Ring_Test.app/Ring_Test";
			};
			name = Debug;
		};
		239FD52D1E71E64A00D82EAC /* Release */ = {
			isa = XCBuildConfiguration;
			buildSettings = {
				BUNDLE_LOADER = "$(TEST_HOST)";
				INFOPLIST_FILE = Ring_TestTests/Info.plist;
				LD_RUNPATH_SEARCH_PATHS = "$(inherited) @executable_path/Frameworks @loader_path/Frameworks";
				PRODUCT_BUNDLE_IDENTIFIER = "truman.Ring-TestTests";
				PRODUCT_NAME = "$(TARGET_NAME)";
				SWIFT_VERSION = 3.0;
				TEST_HOST = "$(BUILT_PRODUCTS_DIR)/Ring_Test.app/Ring_Test";
			};
			name = Release;
		};
		23C4D2FE1E6BB79A00E472A5 /* Debug */ = {
			isa = XCBuildConfiguration;
			buildSettings = {
				ALWAYS_SEARCH_USER_PATHS = NO;
				CLANG_ANALYZER_NONNULL = YES;
				CLANG_CXX_LANGUAGE_STANDARD = "gnu++0x";
				CLANG_CXX_LIBRARY = "libc++";
				CLANG_ENABLE_MODULES = YES;
				CLANG_ENABLE_OBJC_ARC = YES;
				CLANG_WARN_BOOL_CONVERSION = YES;
				CLANG_WARN_CONSTANT_CONVERSION = YES;
				CLANG_WARN_DIRECT_OBJC_ISA_USAGE = YES_ERROR;
				CLANG_WARN_DOCUMENTATION_COMMENTS = YES;
				CLANG_WARN_EMPTY_BODY = YES;
				CLANG_WARN_ENUM_CONVERSION = YES;
				CLANG_WARN_INFINITE_RECURSION = YES;
				CLANG_WARN_INT_CONVERSION = YES;
				CLANG_WARN_OBJC_ROOT_CLASS = YES_ERROR;
				CLANG_WARN_SUSPICIOUS_MOVE = YES;
				CLANG_WARN_UNREACHABLE_CODE = YES;
				CLANG_WARN__DUPLICATE_METHOD_MATCH = YES;
				"CODE_SIGN_IDENTITY[sdk=iphoneos*]" = "iPhone Developer";
				COPY_PHASE_STRIP = NO;
				DEBUG_INFORMATION_FORMAT = dwarf;
				ENABLE_STRICT_OBJC_MSGSEND = YES;
				ENABLE_TESTABILITY = YES;
				GCC_C_LANGUAGE_STANDARD = gnu99;
				GCC_DYNAMIC_NO_PIC = NO;
				GCC_NO_COMMON_BLOCKS = YES;
				GCC_OPTIMIZATION_LEVEL = 0;
				GCC_PREPROCESSOR_DEFINITIONS = (
					"DEBUG=1",
					"$(inherited)",
				);
				GCC_WARN_64_TO_32_BIT_CONVERSION = YES;
				GCC_WARN_ABOUT_RETURN_TYPE = YES_ERROR;
				GCC_WARN_UNDECLARED_SELECTOR = YES;
				GCC_WARN_UNINITIALIZED_AUTOS = YES_AGGRESSIVE;
				GCC_WARN_UNUSED_FUNCTION = YES;
				GCC_WARN_UNUSED_VARIABLE = YES;
				IPHONEOS_DEPLOYMENT_TARGET = 10.2;
				MTL_ENABLE_DEBUG_INFO = YES;
				ONLY_ACTIVE_ARCH = YES;
				SDKROOT = iphoneos;
				SWIFT_ACTIVE_COMPILATION_CONDITIONS = DEBUG;
				SWIFT_OPTIMIZATION_LEVEL = "-Onone";
				TARGETED_DEVICE_FAMILY = "1,2";
			};
			name = Debug;
		};
		23C4D2FF1E6BB79A00E472A5 /* Release */ = {
			isa = XCBuildConfiguration;
			buildSettings = {
				ALWAYS_SEARCH_USER_PATHS = NO;
				CLANG_ANALYZER_NONNULL = YES;
				CLANG_CXX_LANGUAGE_STANDARD = "gnu++0x";
				CLANG_CXX_LIBRARY = "libc++";
				CLANG_ENABLE_MODULES = YES;
				CLANG_ENABLE_OBJC_ARC = YES;
				CLANG_WARN_BOOL_CONVERSION = YES;
				CLANG_WARN_CONSTANT_CONVERSION = YES;
				CLANG_WARN_DIRECT_OBJC_ISA_USAGE = YES_ERROR;
				CLANG_WARN_DOCUMENTATION_COMMENTS = YES;
				CLANG_WARN_EMPTY_BODY = YES;
				CLANG_WARN_ENUM_CONVERSION = YES;
				CLANG_WARN_INFINITE_RECURSION = YES;
				CLANG_WARN_INT_CONVERSION = YES;
				CLANG_WARN_OBJC_ROOT_CLASS = YES_ERROR;
				CLANG_WARN_SUSPICIOUS_MOVE = YES;
				CLANG_WARN_UNREACHABLE_CODE = YES;
				CLANG_WARN__DUPLICATE_METHOD_MATCH = YES;
				"CODE_SIGN_IDENTITY[sdk=iphoneos*]" = "iPhone Developer";
				COPY_PHASE_STRIP = NO;
				DEBUG_INFORMATION_FORMAT = "dwarf-with-dsym";
				ENABLE_NS_ASSERTIONS = NO;
				ENABLE_STRICT_OBJC_MSGSEND = YES;
				GCC_C_LANGUAGE_STANDARD = gnu99;
				GCC_NO_COMMON_BLOCKS = YES;
				GCC_WARN_64_TO_32_BIT_CONVERSION = YES;
				GCC_WARN_ABOUT_RETURN_TYPE = YES_ERROR;
				GCC_WARN_UNDECLARED_SELECTOR = YES;
				GCC_WARN_UNINITIALIZED_AUTOS = YES_AGGRESSIVE;
				GCC_WARN_UNUSED_FUNCTION = YES;
				GCC_WARN_UNUSED_VARIABLE = YES;
				IPHONEOS_DEPLOYMENT_TARGET = 10.2;
				MTL_ENABLE_DEBUG_INFO = NO;
				SDKROOT = iphoneos;
				SWIFT_OPTIMIZATION_LEVEL = "-Owholemodule";
				TARGETED_DEVICE_FAMILY = "1,2";
				VALIDATE_PRODUCT = YES;
			};
			name = Release;
		};
		23C4D3011E6BB79A00E472A5 /* Debug */ = {
			isa = XCBuildConfiguration;
			buildSettings = {
				ASSETCATALOG_COMPILER_APPICON_NAME = AppIcon;
				DEVELOPMENT_TEAM = "";
				INFOPLIST_FILE = Ring_Test/Info.plist;
				LD_RUNPATH_SEARCH_PATHS = "$(inherited) @executable_path/Frameworks";
				PRODUCT_BUNDLE_IDENTIFIER = "truman.Ring-Test";
				PRODUCT_NAME = "$(TARGET_NAME)";
				SWIFT_VERSION = 3.0;
			};
			name = Debug;
		};
		23C4D3021E6BB79A00E472A5 /* Release */ = {
			isa = XCBuildConfiguration;
			buildSettings = {
				ASSETCATALOG_COMPILER_APPICON_NAME = AppIcon;
				DEVELOPMENT_TEAM = "";
				INFOPLIST_FILE = Ring_Test/Info.plist;
				LD_RUNPATH_SEARCH_PATHS = "$(inherited) @executable_path/Frameworks";
				PRODUCT_BUNDLE_IDENTIFIER = "truman.Ring-Test";
				PRODUCT_NAME = "$(TARGET_NAME)";
				SWIFT_VERSION = 3.0;
			};
			name = Release;
		};
/* End XCBuildConfiguration section */

/* Begin XCConfigurationList section */
		239FD52B1E71E64A00D82EAC /* Build configuration list for PBXNativeTarget "Ring_TestTests" */ = {
			isa = XCConfigurationList;
			buildConfigurations = (
				239FD52C1E71E64A00D82EAC /* Debug */,
				239FD52D1E71E64A00D82EAC /* Release */,
			);
			defaultConfigurationIsVisible = 0;
		};
		23C4D2DC1E6BB79A00E472A5 /* Build configuration list for PBXProject "Ring_Test" */ = {
			isa = XCConfigurationList;
			buildConfigurations = (
				23C4D2FE1E6BB79A00E472A5 /* Debug */,
				23C4D2FF1E6BB79A00E472A5 /* Release */,
			);
			defaultConfigurationIsVisible = 0;
			defaultConfigurationName = Release;
		};
		23C4D3001E6BB79A00E472A5 /* Build configuration list for PBXNativeTarget "Ring_Test" */ = {
			isa = XCConfigurationList;
			buildConfigurations = (
				23C4D3011E6BB79A00E472A5 /* Debug */,
				23C4D3021E6BB79A00E472A5 /* Release */,
			);
			defaultConfigurationIsVisible = 0;
			defaultConfigurationName = Release;
		};
/* End XCConfigurationList section */
	};
	rootObject = 23C4D2D91E6BB79A00E472A5 /* Project object */;
}
